
Microsoft Visual Studio Solution File, Format Version 12.00
# Visual Studio Version 17
VisualStudioVersion = 17.7.34003.232
MinimumVisualStudioVersion = 10.0.40219.1
Project("{FAE04EC0-301F-11D3-BF4B-00C04F79EFBC}") = "UnitTestHRLib", "UnitTestHRLib.csproj", "{9AA53EDD-9F06-4484-B624-8293ADA3131D}"
EndProject
Global
	GlobalSection(SolutionConfigurationPlatforms) = preSolution
		Debug|Any CPU = Debug|Any CPU
		Release|Any CPU = Release|Any CPU
	EndGlobalSection
	GlobalSection(ProjectConfigurationPlatforms) = postSolution
		{9AA53EDD-9F06-4484-B624-8293ADA3131D}.Debug|Any CPU.ActiveCfg = Debug|Any CPU
		{9AA53EDD-9F06-4484-B624-8293ADA3131D}.Debug|Any CPU.Build.0 = Debug|Any CPU
		{9AA53EDD-9F06-4484-B624-8293ADA3131D}.Release|Any CPU.ActiveCfg = Release|Any CPU
		{9AA53EDD-9F06-4484-B624-8293ADA3131D}.Release|Any CPU.Build.0 = Release|Any CPU
	EndGlobalSection
	GlobalSection(SolutionProperties) = preSolution
		HideSolutionNode = FALSE
	EndGlobalSection
	GlobalSection(ExtensibilityGlobals) = postSolution
		SolutionGuid = {0F854A06-EA99-436D-A0D1-5E30B6310D05}
	EndGlobalSection
EndGlobal
